
Microsoft Visual Studio Solution File, Format Version 12.00
# Visual Studio 14
VisualStudioVersion = 14.0.25420.1
MinimumVisualStudioVersion = 10.0.40219.1
Project("{2150E333-8FDC-42A3-9474-1A3956D46DE8}") = "src", "src", "{0CC1F15B-9F6C-429E-8982-B9B28CEC7B78}"
EndProject
Project("{2150E333-8FDC-42A3-9474-1A3956D46DE8}") = "Solution Items", "Solution Items", "{E0B1E454-0698-40F0-8487-E47357087167}"
	ProjectSection(SolutionItems) = preProject
		global.json = global.json
	EndProjectSection
EndProject
Project("{8BB2217D-0F2D-49D1-97BC-3654ED321F3B}") = "Social.NET.Web", "src\Social.NET.Web\Social.NET.Web.xproj", "{595A8D8D-520A-4055-BAEA-5FB7E4E53EB8}"
EndProject
Project("{8BB2217D-0F2D-49D1-97BC-3654ED321F3B}") = "Social.NET.Auth", "src\Social.NET.Auth\Social.NET.Auth.xproj", "{44168D21-9E53-4AF6-9CFA-814BE34B4C7A}"
EndProject
Project("{8BB2217D-0F2D-49D1-97BC-3654ED321F3B}") = "Social.NET.CMS", "src\Social.NET.CMS\Social.NET.CMS.xproj", "{1C0798FD-FB9B-4805-96B7-6C32AB70834A}"
EndProject
Project("{8BB2217D-0F2D-49D1-97BC-3654ED321F3B}") = "Social.NET.Core", "src\Social.NET.Core\Social.NET.Core.xproj", "{1B1FC3E9-0A6F-41CF-B558-E67122EE78AF}"
EndProject
Global
	GlobalSection(SolutionConfigurationPlatforms) = preSolution
		Debug|Any CPU = Debug|Any CPU
		Release|Any CPU = Release|Any CPU
	EndGlobalSection
	GlobalSection(ProjectConfigurationPlatforms) = postSolution
		{595A8D8D-520A-4055-BAEA-5FB7E4E53EB8}.Debug|Any CPU.ActiveCfg = Debug|Any CPU
		{595A8D8D-520A-4055-BAEA-5FB7E4E53EB8}.Debug|Any CPU.Build.0 = Debug|Any CPU
		{595A8D8D-520A-4055-BAEA-5FB7E4E53EB8}.Release|Any CPU.ActiveCfg = Release|Any CPU
		{595A8D8D-520A-4055-BAEA-5FB7E4E53EB8}.Release|Any CPU.Build.0 = Release|Any CPU
		{44168D21-9E53-4AF6-9CFA-814BE34B4C7A}.Debug|Any CPU.ActiveCfg = Debug|Any CPU
		{44168D21-9E53-4AF6-9CFA-814BE34B4C7A}.Debug|Any CPU.Build.0 = Debug|Any CPU
		{44168D21-9E53-4AF6-9CFA-814BE34B4C7A}.Release|Any CPU.ActiveCfg = Release|Any CPU
		{44168D21-9E53-4AF6-9CFA-814BE34B4C7A}.Release|Any CPU.Build.0 = Release|Any CPU
		{1C0798FD-FB9B-4805-96B7-6C32AB70834A}.Debug|Any CPU.ActiveCfg = Debug|Any CPU
		{1C0798FD-FB9B-4805-96B7-6C32AB70834A}.Debug|Any CPU.Build.0 = Debug|Any CPU
		{1C0798FD-FB9B-4805-96B7-6C32AB70834A}.Release|Any CPU.ActiveCfg = Release|Any CPU
		{1C0798FD-FB9B-4805-96B7-6C32AB70834A}.Release|Any CPU.Build.0 = Release|Any CPU
		{1B1FC3E9-0A6F-41CF-B558-E67122EE78AF}.Debug|Any CPU.ActiveCfg = Debug|Any CPU
		{1B1FC3E9-0A6F-41CF-B558-E67122EE78AF}.Debug|Any CPU.Build.0 = Debug|Any CPU
		{1B1FC3E9-0A6F-41CF-B558-E67122EE78AF}.Release|Any CPU.ActiveCfg = Release|Any CPU
		{1B1FC3E9-0A6F-41CF-B558-E67122EE78AF}.Release|Any CPU.Build.0 = Release|Any CPU
	EndGlobalSection
	GlobalSection(SolutionProperties) = preSolution
		HideSolutionNode = FALSE
	EndGlobalSection
	GlobalSection(NestedProjects) = preSolution
		{595A8D8D-520A-4055-BAEA-5FB7E4E53EB8} = {0CC1F15B-9F6C-429E-8982-B9B28CEC7B78}
		{44168D21-9E53-4AF6-9CFA-814BE34B4C7A} = {0CC1F15B-9F6C-429E-8982-B9B28CEC7B78}
		{1C0798FD-FB9B-4805-96B7-6C32AB70834A} = {0CC1F15B-9F6C-429E-8982-B9B28CEC7B78}
		{1B1FC3E9-0A6F-41CF-B558-E67122EE78AF} = {0CC1F15B-9F6C-429E-8982-B9B28CEC7B78}
	EndGlobalSection
EndGlobal
